
Microsoft Visual Studio Solution File, Format Version 12.00
# Visual Studio Version 17
VisualStudioVersion = 17.3.32929.385
MinimumVisualStudioVersion = 10.0.40219.1
Project("{FAE04EC0-301F-11D3-BF4B-00C04F79EFBC}") = "Budowniczy", "Budowniczy\Budowniczy.csproj", "{FEC6DC14-AD25-4703-BBC1-F45A8374C505}"
EndProject
Project("{FAE04EC0-301F-11D3-BF4B-00C04F79EFBC}") = "Prototyp", "Prototyp\Prototyp.csproj", "{6E43C5CE-8658-4C7D-B701-9A924DCF4FDA}"
EndProject
Global
	GlobalSection(SolutionConfigurationPlatforms) = preSolution
		Debug|Any CPU = Debug|Any CPU
		Release|Any CPU = Release|Any CPU
	EndGlobalSection
	GlobalSection(ProjectConfigurationPlatforms) = postSolution
		{FEC6DC14-AD25-4703-BBC1-F45A8374C505}.Debug|Any CPU.ActiveCfg = Debug|Any CPU
		{FEC6DC14-AD25-4703-BBC1-F45A8374C505}.Debug|Any CPU.Build.0 = Debug|Any CPU
		{FEC6DC14-AD25-4703-BBC1-F45A8374C505}.Release|Any CPU.ActiveCfg = Release|Any CPU
		{FEC6DC14-AD25-4703-BBC1-F45A8374C505}.Release|Any CPU.Build.0 = Release|Any CPU
		{6E43C5CE-8658-4C7D-B701-9A924DCF4FDA}.Debug|Any CPU.ActiveCfg = Debug|Any CPU
		{6E43C5CE-8658-4C7D-B701-9A924DCF4FDA}.Debug|Any CPU.Build.0 = Debug|Any CPU
		{6E43C5CE-8658-4C7D-B701-9A924DCF4FDA}.Release|Any CPU.ActiveCfg = Release|Any CPU
		{6E43C5CE-8658-4C7D-B701-9A924DCF4FDA}.Release|Any CPU.Build.0 = Release|Any CPU
	EndGlobalSection
	GlobalSection(SolutionProperties) = preSolution
		HideSolutionNode = FALSE
	EndGlobalSection
	GlobalSection(ExtensibilityGlobals) = postSolution
		SolutionGuid = {E20E0126-1151-406B-8444-7298B4E1CD2E}
	EndGlobalSection
EndGlobal
